
Microsoft Visual Studio Solution File, Format Version 12.00
# Visual Studio 15
Project("{FAE04EC0-301F-11D3-BF4B-00C04F79EFBC}") = "Unity.Timeline", "Unity.Timeline.csproj", "{3D58ED66-1F8F-5101-0572-CF20F10B7ECC}"
EndProject
Project("{FAE04EC0-301F-11D3-BF4B-00C04F79EFBC}") = "Unity.Timeline.Editor", "Unity.Timeline.Editor.csproj", "{E11038B7-EE0A-A066-77C1-3935D3898C00}"
EndProject
Project("{FAE04EC0-301F-11D3-BF4B-00C04F79EFBC}") = "Unity.ResourceManager", "Unity.ResourceManager.csproj", "{008F70FF-399F-5CF2-BF34-306677B73528}"
EndProject
Project("{FAE04EC0-301F-11D3-BF4B-00C04F79EFBC}") = "Unity.ShaderGraph.Editor", "Unity.ShaderGraph.Editor.csproj", "{8EC87F36-DDD9-96B8-A30F-988215E22429}"
EndProject
Project("{FAE04EC0-301F-11D3-BF4B-00C04F79EFBC}") = "Unity.RenderPipelines.Universal.Editor", "Unity.RenderPipelines.Universal.Editor.csproj", "{01DFD828-7863-6ABB-6945-EC54CCA4A129}"
EndProject
Project("{FAE04EC0-301F-11D3-BF4B-00C04F79EFBC}") = "Unity.TextMeshPro.Editor", "Unity.TextMeshPro.Editor.csproj", "{9D0CB9EF-ABF6-1F58-D8B2-48DBD59A8DE7}"
EndProject
Project("{FAE04EC0-301F-11D3-BF4B-00C04F79EFBC}") = "Unity.VisualScripting.Flow", "Unity.VisualScripting.Flow.csproj", "{84D98D50-6075-B922-51BF-C83B54F222F4}"
EndProject
Project("{FAE04EC0-301F-11D3-BF4B-00C04F79EFBC}") = "Unity.RenderPipelines.Universal.Runtime", "Unity.RenderPipelines.Universal.Runtime.csproj", "{ABC2BE0C-BA50-161F-B9B3-B0B9BD12507E}"
EndProject
Project("{FAE04EC0-301F-11D3-BF4B-00C04F79EFBC}") = "UnityEditor.UI", "UnityEditor.UI.csproj", "{F2FF3D25-6B47-CE75-29BA-891BC5271E12}"
EndProject
Project("{FAE04EC0-301F-11D3-BF4B-00C04F79EFBC}") = "Unity.PlasticSCM.Editor", "Unity.PlasticSCM.Editor.csproj", "{C3E02608-EFE9-67F5-F770-9D0126B79912}"
EndProject
Project("{FAE04EC0-301F-11D3-BF4B-00C04F79EFBC}") = "Unity.RenderPipelines.Core.Runtime", "Unity.RenderPipelines.Core.Runtime.csproj", "{569457B5-0452-98ED-76C0-A002BAB8F1A0}"
EndProject
Project("{FAE04EC0-301F-11D3-BF4B-00C04F79EFBC}") = "Unity.ScriptableBuildPipeline.Editor", "Unity.ScriptableBuildPipeline.Editor.csproj", "{6D73C8AB-4F23-8B0C-A137-A71A191F59D4}"
EndProject
Project("{FAE04EC0-301F-11D3-BF4B-00C04F79EFBC}") = "Unity.VisualScripting.Core", "Unity.VisualScripting.Core.csproj", "{3DC5FC88-5C5A-A7B3-8DD6-F19C3315AF1D}"
EndProject
Project("{FAE04EC0-301F-11D3-BF4B-00C04F79EFBC}") = "Unity.Addressables.Editor.Tests.DocExampleCode", "Unity.Addressables.Editor.Tests.DocExampleCode.csproj", "{258C1DB2-6B1B-7963-C6DB-52FB50430F3F}"
EndProject
Project("{FAE04EC0-301F-11D3-BF4B-00C04F79EFBC}") = "Unity.Mathematics", "Unity.Mathematics.csproj", "{79F0223F-D644-9658-BB4D-16D91338662A}"
EndProject
Project("{FAE04EC0-301F-11D3-BF4B-00C04F79EFBC}") = "Unity.RenderPipelines.Core.Editor", "Unity.RenderPipelines.Core.Editor.csproj", "{DD339B2A-2DC5-76FA-DC02-0349B1C12B13}"
EndProject
Project("{FAE04EC0-301F-11D3-BF4B-00C04F79EFBC}") = "Unity.Addressables.Editor", "Unity.Addressables.Editor.csproj", "{0BBC8C01-63D3-2CB4-1C5D-D512285D0FF1}"
EndProject
Project("{FAE04EC0-301F-11D3-BF4B-00C04F79EFBC}") = "Unity.VisualScripting.Core.Editor", "Unity.VisualScripting.Core.Editor.csproj", "{9FEA3068-1DE1-89AE-9286-FFBDB4A278EE}"
EndProject
Project("{FAE04EC0-301F-11D3-BF4B-00C04F79EFBC}") = "Unity.VisualScripting.Flow.Editor", "Unity.VisualScripting.Flow.Editor.csproj", "{6F539A5E-BDDB-2D65-5981-5BE5D406392D}"
EndProject
Project("{FAE04EC0-301F-11D3-BF4B-00C04F79EFBC}") = "UnityEditor.TestRunner", "UnityEditor.TestRunner.csproj", "{5FFE9BC0-051E-CB68-6D8D-F39C4A2FC27A}"
EndProject
Project("{FAE04EC0-301F-11D3-BF4B-00C04F79EFBC}") = "Unity.VisualScripting.SettingsProvider.Editor", "Unity.VisualScripting.SettingsProvider.Editor.csproj", "{F6D4011B-12FD-088A-5A3A-52FAFE16DCEB}"
EndProject
Project("{FAE04EC0-301F-11D3-BF4B-00C04F79EFBC}") = "UnityEngine.TestRunner", "UnityEngine.TestRunner.csproj", "{2F9A4261-EEEA-E86A-1DC5-F1DAEF173DA4}"
EndProject
Project("{FAE04EC0-301F-11D3-BF4B-00C04F79EFBC}") = "Unity.Searcher.Editor", "Unity.Searcher.Editor.csproj", "{9C9326C5-F57C-E8AE-B088-9FBFC3486109}"
EndProject
Project("{FAE04EC0-301F-11D3-BF4B-00C04F79EFBC}") = "Unity.Burst", "Unity.Burst.csproj", "{D8AA3D98-F828-3E14-4ECA-52D08094BA36}"
EndProject
Project("{FAE04EC0-301F-11D3-BF4B-00C04F79EFBC}") = "UnityEngine.UI", "UnityEngine.UI.csproj", "{8F4CF634-D22C-7E94-E3BF-7909040D1D9C}"
EndProject
Project("{FAE04EC0-301F-11D3-BF4B-00C04F79EFBC}") = "Unity.VisualStudio.Editor", "Unity.VisualStudio.Editor.csproj", "{6CB6EA5D-B7B3-9DC9-894C-F92E814D9E68}"
EndProject
Project("{FAE04EC0-301F-11D3-BF4B-00C04F79EFBC}") = "Assembly-CSharp", "Assembly-CSharp.csproj", "{43AF5C0C-88EF-B8F7-CB0E-79B23F302592}"
EndProject
Project("{FAE04EC0-301F-11D3-BF4B-00C04F79EFBC}") = "PPv2URPConverters", "PPv2URPConverters.csproj", "{9354C4BC-3EF9-DF67-0622-0AC3951A1B4A}"
EndProject
Project("{FAE04EC0-301F-11D3-BF4B-00C04F79EFBC}") = "Unity.Rider.Editor", "Unity.Rider.Editor.csproj", "{30F2DDBF-B198-4FCE-0E0F-476BD6BCFED4}"
EndProject
Project("{FAE04EC0-301F-11D3-BF4B-00C04F79EFBC}") = "Unity.Addressables", "Unity.Addressables.csproj", "{9F1689C4-3A33-3727-129F-AAEACCE1A505}"
EndProject
Project("{FAE04EC0-301F-11D3-BF4B-00C04F79EFBC}") = "Unity.VisualScripting.State.Editor", "Unity.VisualScripting.State.Editor.csproj", "{C9C00AF7-5342-4EAA-3BE3-CF7F966EFBEA}"
EndProject
Project("{FAE04EC0-301F-11D3-BF4B-00C04F79EFBC}") = "Unity.Burst.CodeGen", "Unity.Burst.CodeGen.csproj", "{4A0E8C54-71F6-2649-B0AB-B8DDAEB9718C}"
EndProject
Project("{FAE04EC0-301F-11D3-BF4B-00C04F79EFBC}") = "Unity.RenderPipeline.Universal.ShaderLibrary", "Unity.RenderPipeline.Universal.ShaderLibrary.csproj", "{5F635BAB-96C7-5089-D5A9-BE6A0852290A}"
EndProject
Project("{FAE04EC0-301F-11D3-BF4B-00C04F79EFBC}") = "Unity.VisualScripting.State", "Unity.VisualScripting.State.csproj", "{3EE87C23-5623-C91E-0633-69B2E609DB13}"
EndProject
Project("{FAE04EC0-301F-11D3-BF4B-00C04F79EFBC}") = "Unity.TextMeshPro", "Unity.TextMeshPro.csproj", "{C9D85129-82B0-C8B7-F5ED-5A651AB0349B}"
EndProject
Project("{FAE04EC0-301F-11D3-BF4B-00C04F79EFBC}") = "Unity.VSCode.Editor", "Unity.VSCode.Editor.csproj", "{5EFCFCFD-42B5-B435-B764-4F0F8D4B80E5}"
EndProject
Project("{FAE04EC0-301F-11D3-BF4B-00C04F79EFBC}") = "Unity.Burst.Editor", "Unity.Burst.Editor.csproj", "{E7FFEF06-CB97-B60D-1C9C-D4549517D02C}"
EndProject
Project("{FAE04EC0-301F-11D3-BF4B-00C04F79EFBC}") = "Unity.ShaderGraph.Utilities", "Unity.ShaderGraph.Utilities.csproj", "{6628C1C6-4CF2-8B1B-5A4B-AE796293119A}"
EndProject
Project("{FAE04EC0-301F-11D3-BF4B-00C04F79EFBC}") = "Unity.Mathematics.Editor", "Unity.Mathematics.Editor.csproj", "{A36405BD-4542-9023-17D6-06A93D0FE525}"
EndProject
Project("{FAE04EC0-301F-11D3-BF4B-00C04F79EFBC}") = "Assembly-CSharp-Editor", "Assembly-CSharp-Editor.csproj", "{A91A8294-05E2-511F-CCBB-851E5B3DE333}"
EndProject
Project("{FAE04EC0-301F-11D3-BF4B-00C04F79EFBC}") = "Unity.VisualScripting.Shared.Editor", "Unity.VisualScripting.Shared.Editor.csproj", "{DEEB08A8-58D9-8150-6C02-1550AF2ECF1E}"
EndProject
Project("{FAE04EC0-301F-11D3-BF4B-00C04F79EFBC}") = "Unity.RenderPipelines.Universal.Config.Runtime", "Unity.RenderPipelines.Universal.Config.Runtime.csproj", "{D64E2B17-4BE8-E20D-B0AE-56A9EDADEA59}"
EndProject
Project("{FAE04EC0-301F-11D3-BF4B-00C04F79EFBC}") = "Unity.CollabProxy.Editor", "Unity.CollabProxy.Editor.csproj", "{D3BF277C-6304-15AF-F800-9C7429F2C2EF}"
EndProject
Project("{FAE04EC0-301F-11D3-BF4B-00C04F79EFBC}") = "Unity.RenderPipelines.ShaderGraph.ShaderGraphLibrary", "Unity.RenderPipelines.ShaderGraph.ShaderGraphLibrary.csproj", "{973DEE04-5F6D-968E-CBD6-093180FA4672}"
EndProject
Project("{FAE04EC0-301F-11D3-BF4B-00C04F79EFBC}") = "Unity.RenderPipelines.Core.ShaderLibrary", "Unity.RenderPipelines.Core.ShaderLibrary.csproj", "{03CE896E-2C9E-419C-93D7-B7E878E22645}"
EndProject
Project("{FAE04EC0-301F-11D3-BF4B-00C04F79EFBC}") = "Unity.ScriptableBuildPipeline", "Unity.ScriptableBuildPipeline.csproj", "{C1531246-1D70-4D81-0D96-9C4E8F0AF4F0}"
EndProject
Project("{FAE04EC0-301F-11D3-BF4B-00C04F79EFBC}") = "Unity.RenderPipelines.Universal.Shaders", "Unity.RenderPipelines.Universal.Shaders.csproj", "{B1D96715-A1A2-AE9F-C35A-0EC5DB86212C}"
EndProject
Project("{FAE04EC0-301F-11D3-BF4B-00C04F79EFBC}") = "Unity.Timeline", "Unity.Timeline.Player.csproj", "{882718C0-B17B-0D9A-C28D-51A1DF959D83}"
EndProject
Project("{FAE04EC0-301F-11D3-BF4B-00C04F79EFBC}") = "Unity.ResourceManager", "Unity.ResourceManager.Player.csproj", "{13A33446-1E62-25E3-8EF6-D519BAACB5D5}"
EndProject
Project("{FAE04EC0-301F-11D3-BF4B-00C04F79EFBC}") = "Unity.VisualScripting.Flow", "Unity.VisualScripting.Flow.Player.csproj", "{AF141297-354A-BDA1-F34B-046C7327CA2B}"
EndProject
Project("{FAE04EC0-301F-11D3-BF4B-00C04F79EFBC}") = "Unity.RenderPipelines.Universal.Runtime", "Unity.RenderPipelines.Universal.Runtime.Player.csproj", "{59F3C655-BBA2-B24B-D884-8DE3F2B24182}"
EndProject
Project("{FAE04EC0-301F-11D3-BF4B-00C04F79EFBC}") = "Unity.RenderPipelines.Core.Runtime", "Unity.RenderPipelines.Core.Runtime.Player.csproj", "{776AD1FE-4A4D-DD53-1F67-997582136EE7}"
EndProject
Project("{FAE04EC0-301F-11D3-BF4B-00C04F79EFBC}") = "Unity.VisualScripting.Core", "Unity.VisualScripting.Core.Player.csproj", "{ACCE50AF-4371-2AF4-F033-5640A01EA4A1}"
EndProject
Project("{FAE04EC0-301F-11D3-BF4B-00C04F79EFBC}") = "Unity.Mathematics", "Unity.Mathematics.Player.csproj", "{9533886A-E1A8-F9B6-926B-FBD41E239C68}"
EndProject
Project("{FAE04EC0-301F-11D3-BF4B-00C04F79EFBC}") = "UnityEngine.TestRunner", "UnityEngine.TestRunner.Player.csproj", "{F0610E6C-3769-C6C4-A416-B11CB7697898}"
EndProject
Project("{FAE04EC0-301F-11D3-BF4B-00C04F79EFBC}") = "Unity.Burst", "Unity.Burst.Player.csproj", "{43E4D71D-59A5-E726-4ABB-278BB32CA9FD}"
EndProject
Project("{FAE04EC0-301F-11D3-BF4B-00C04F79EFBC}") = "UnityEngine.UI", "UnityEngine.UI.Player.csproj", "{F8C92CE6-302C-E07E-BD53-37DF24E0BCBD}"
EndProject
Project("{FAE04EC0-301F-11D3-BF4B-00C04F79EFBC}") = "Assembly-CSharp", "Assembly-CSharp.Player.csproj", "{FDFACA01-D2A4-CFF1-E930-FA28A35EE1E7}"
EndProject
Project("{FAE04EC0-301F-11D3-BF4B-00C04F79EFBC}") = "Unity.Addressables", "Unity.Addressables.Player.csproj", "{38A818A4-C3C9-B1C7-4DCA-9B4B0E0A12A8}"
EndProject
Project("{FAE04EC0-301F-11D3-BF4B-00C04F79EFBC}") = "Unity.RenderPipeline.Universal.ShaderLibrary", "Unity.RenderPipeline.Universal.ShaderLibrary.Player.csproj", "{A07A4267-3351-AF84-395A-D948C8124861}"
EndProject
Project("{FAE04EC0-301F-11D3-BF4B-00C04F79EFBC}") = "Unity.VisualScripting.State", "Unity.VisualScripting.State.Player.csproj", "{824548D0-C3B5-7717-1AB4-7EBF67B8F3FE}"
EndProject
Project("{FAE04EC0-301F-11D3-BF4B-00C04F79EFBC}") = "Unity.TextMeshPro", "Unity.TextMeshPro.Player.csproj", "{01F77952-641B-BD1D-EC35-F0B09A7B91AB}"
EndProject
Project("{FAE04EC0-301F-11D3-BF4B-00C04F79EFBC}") = "Unity.RenderPipelines.Universal.Config.Runtime", "Unity.RenderPipelines.Universal.Config.Runtime.Player.csproj", "{D69A14AE-2DB0-EC98-C77C-DD5502CB9FC1}"
EndProject
Project("{FAE04EC0-301F-11D3-BF4B-00C04F79EFBC}") = "Unity.RenderPipelines.ShaderGraph.ShaderGraphLibrary", "Unity.RenderPipelines.ShaderGraph.ShaderGraphLibrary.Player.csproj", "{D39192FF-B55B-A490-7A3B-4BAE5B918FA4}"
EndProject
Project("{FAE04EC0-301F-11D3-BF4B-00C04F79EFBC}") = "Unity.RenderPipelines.Core.ShaderLibrary", "Unity.RenderPipelines.Core.ShaderLibrary.Player.csproj", "{99B135F6-2E01-B078-7927-BAEF60146E30}"
EndProject
Project("{FAE04EC0-301F-11D3-BF4B-00C04F79EFBC}") = "Unity.ScriptableBuildPipeline", "Unity.ScriptableBuildPipeline.Player.csproj", "{B5D10919-E46C-5CF6-D554-1A01FCCE79B0}"
EndProject
Project("{FAE04EC0-301F-11D3-BF4B-00C04F79EFBC}") = "Unity.RenderPipelines.Universal.Shaders", "Unity.RenderPipelines.Universal.Shaders.Player.csproj", "{ECC4067C-D4BE-E082-3840-770771472009}"
EndProject
Global
	GlobalSection(SolutionConfigurationPlatforms) = preSolution
		Debug|Any CPU = Debug|Any CPU
		Release|Any CPU = Release|Any CPU
	EndGlobalSection
	GlobalSection(ProjectConfigurationPlatforms) = postSolution
		{3D58ED66-1F8F-5101-0572-CF20F10B7ECC}.Debug|Any CPU.ActiveCfg = Debug|Any CPU
		{3D58ED66-1F8F-5101-0572-CF20F10B7ECC}.Debug|Any CPU.Build.0 = Debug|Any CPU
		{3D58ED66-1F8F-5101-0572-CF20F10B7ECC}.Release|Any CPU.ActiveCfg = Release|Any CPU
		{3D58ED66-1F8F-5101-0572-CF20F10B7ECC}.Release|Any CPU.Build.0 = Release|Any CPU
		{E11038B7-EE0A-A066-77C1-3935D3898C00}.Debug|Any CPU.ActiveCfg = Debug|Any CPU
		{E11038B7-EE0A-A066-77C1-3935D3898C00}.Debug|Any CPU.Build.0 = Debug|Any CPU
		{E11038B7-EE0A-A066-77C1-3935D3898C00}.Release|Any CPU.ActiveCfg = Release|Any CPU
		{E11038B7-EE0A-A066-77C1-3935D3898C00}.Release|Any CPU.Build.0 = Release|Any CPU
		{008F70FF-399F-5CF2-BF34-306677B73528}.Debug|Any CPU.ActiveCfg = Debug|Any CPU
		{008F70FF-399F-5CF2-BF34-306677B73528}.Debug|Any CPU.Build.0 = Debug|Any CPU
		{008F70FF-399F-5CF2-BF34-306677B73528}.Release|Any CPU.ActiveCfg = Release|Any CPU
		{008F70FF-399F-5CF2-BF34-306677B73528}.Release|Any CPU.Build.0 = Release|Any CPU
		{8EC87F36-DDD9-96B8-A30F-988215E22429}.Debug|Any CPU.ActiveCfg = Debug|Any CPU
		{8EC87F36-DDD9-96B8-A30F-988215E22429}.Debug|Any CPU.Build.0 = Debug|Any CPU
		{8EC87F36-DDD9-96B8-A30F-988215E22429}.Release|Any CPU.ActiveCfg = Release|Any CPU
		{8EC87F36-DDD9-96B8-A30F-988215E22429}.Release|Any CPU.Build.0 = Release|Any CPU
		{01DFD828-7863-6ABB-6945-EC54CCA4A129}.Debug|Any CPU.ActiveCfg = Debug|Any CPU
		{01DFD828-7863-6ABB-6945-EC54CCA4A129}.Debug|Any CPU.Build.0 = Debug|Any CPU
		{01DFD828-7863-6ABB-6945-EC54CCA4A129}.Release|Any CPU.ActiveCfg = Release|Any CPU
		{01DFD828-7863-6ABB-6945-EC54CCA4A129}.Release|Any CPU.Build.0 = Release|Any CPU
		{9D0CB9EF-ABF6-1F58-D8B2-48DBD59A8DE7}.Debug|Any CPU.ActiveCfg = Debug|Any CPU
		{9D0CB9EF-ABF6-1F58-D8B2-48DBD59A8DE7}.Debug|Any CPU.Build.0 = Debug|Any CPU
		{9D0CB9EF-ABF6-1F58-D8B2-48DBD59A8DE7}.Release|Any CPU.ActiveCfg = Release|Any CPU
		{9D0CB9EF-ABF6-1F58-D8B2-48DBD59A8DE7}.Release|Any CPU.Build.0 = Release|Any CPU
		{84D98D50-6075-B922-51BF-C83B54F222F4}.Debug|Any CPU.ActiveCfg = Debug|Any CPU
		{84D98D50-6075-B922-51BF-C83B54F222F4}.Debug|Any CPU.Build.0 = Debug|Any CPU
		{84D98D50-6075-B922-51BF-C83B54F222F4}.Release|Any CPU.ActiveCfg = Release|Any CPU
		{84D98D50-6075-B922-51BF-C83B54F222F4}.Release|Any CPU.Build.0 = Release|Any CPU
		{ABC2BE0C-BA50-161F-B9B3-B0B9BD12507E}.Debug|Any CPU.ActiveCfg = Debug|Any CPU
		{ABC2BE0C-BA50-161F-B9B3-B0B9BD12507E}.Debug|Any CPU.Build.0 = Debug|Any CPU
		{ABC2BE0C-BA50-161F-B9B3-B0B9BD12507E}.Release|Any CPU.ActiveCfg = Release|Any CPU
		{ABC2BE0C-BA50-161F-B9B3-B0B9BD12507E}.Release|Any CPU.Build.0 = Release|Any CPU
		{F2FF3D25-6B47-CE75-29BA-891BC5271E12}.Debug|Any CPU.ActiveCfg = Debug|Any CPU
		{F2FF3D25-6B47-CE75-29BA-891BC5271E12}.Debug|Any CPU.Build.0 = Debug|Any CPU
		{F2FF3D25-6B47-CE75-29BA-891BC5271E12}.Release|Any CPU.ActiveCfg = Release|Any CPU
		{F2FF3D25-6B47-CE75-29BA-891BC5271E12}.Release|Any CPU.Build.0 = Release|Any CPU
		{C3E02608-EFE9-67F5-F770-9D0126B79912}.Debug|Any CPU.ActiveCfg = Debug|Any CPU
		{C3E02608-EFE9-67F5-F770-9D0126B79912}.Debug|Any CPU.Build.0 = Debug|Any CPU
		{C3E02608-EFE9-67F5-F770-9D0126B79912}.Release|Any CPU.ActiveCfg = Release|Any CPU
		{C3E02608-EFE9-67F5-F770-9D0126B79912}.Release|Any CPU.Build.0 = Release|Any CPU
		{569457B5-0452-98ED-76C0-A002BAB8F1A0}.Debug|Any CPU.ActiveCfg = Debug|Any CPU
		{569457B5-0452-98ED-76C0-A002BAB8F1A0}.Debug|Any CPU.Build.0 = Debug|Any CPU
		{569457B5-0452-98ED-76C0-A002BAB8F1A0}.Release|Any CPU.ActiveCfg = Release|Any CPU
		{569457B5-0452-98ED-76C0-A002BAB8F1A0}.Release|Any CPU.Build.0 = Release|Any CPU
		{6D73C8AB-4F23-8B0C-A137-A71A191F59D4}.Debug|Any CPU.ActiveCfg = Debug|Any CPU
		{6D73C8AB-4F23-8B0C-A137-A71A191F59D4}.Debug|Any CPU.Build.0 = Debug|Any CPU
		{6D73C8AB-4F23-8B0C-A137-A71A191F59D4}.Release|Any CPU.ActiveCfg = Release|Any CPU
		{6D73C8AB-4F23-8B0C-A137-A71A191F59D4}.Release|Any CPU.Build.0 = Release|Any CPU
		{3DC5FC88-5C5A-A7B3-8DD6-F19C3315AF1D}.Debug|Any CPU.ActiveCfg = Debug|Any CPU
		{3DC5FC88-5C5A-A7B3-8DD6-F19C3315AF1D}.Debug|Any CPU.Build.0 = Debug|Any CPU
		{3DC5FC88-5C5A-A7B3-8DD6-F19C3315AF1D}.Release|Any CPU.ActiveCfg = Release|Any CPU
		{3DC5FC88-5C5A-A7B3-8DD6-F19C3315AF1D}.Release|Any CPU.Build.0 = Release|Any CPU
		{258C1DB2-6B1B-7963-C6DB-52FB50430F3F}.Debug|Any CPU.ActiveCfg = Debug|Any CPU
		{258C1DB2-6B1B-7963-C6DB-52FB50430F3F}.Debug|Any CPU.Build.0 = Debug|Any CPU
		{258C1DB2-6B1B-7963-C6DB-52FB50430F3F}.Release|Any CPU.ActiveCfg = Release|Any CPU
		{258C1DB2-6B1B-7963-C6DB-52FB50430F3F}.Release|Any CPU.Build.0 = Release|Any CPU
		{79F0223F-D644-9658-BB4D-16D91338662A}.Debug|Any CPU.ActiveCfg = Debug|Any CPU
		{79F0223F-D644-9658-BB4D-16D91338662A}.Debug|Any CPU.Build.0 = Debug|Any CPU
		{79F0223F-D644-9658-BB4D-16D91338662A}.Release|Any CPU.ActiveCfg = Release|Any CPU
		{79F0223F-D644-9658-BB4D-16D91338662A}.Release|Any CPU.Build.0 = Release|Any CPU
		{DD339B2A-2DC5-76FA-DC02-0349B1C12B13}.Debug|Any CPU.ActiveCfg = Debug|Any CPU
		{DD339B2A-2DC5-76FA-DC02-0349B1C12B13}.Debug|Any CPU.Build.0 = Debug|Any CPU
		{DD339B2A-2DC5-76FA-DC02-0349B1C12B13}.Release|Any CPU.ActiveCfg = Release|Any CPU
		{DD339B2A-2DC5-76FA-DC02-0349B1C12B13}.Release|Any CPU.Build.0 = Release|Any CPU
		{0BBC8C01-63D3-2CB4-1C5D-D512285D0FF1}.Debug|Any CPU.ActiveCfg = Debug|Any CPU
		{0BBC8C01-63D3-2CB4-1C5D-D512285D0FF1}.Debug|Any CPU.Build.0 = Debug|Any CPU
		{0BBC8C01-63D3-2CB4-1C5D-D512285D0FF1}.Release|Any CPU.ActiveCfg = Release|Any CPU
		{0BBC8C01-63D3-2CB4-1C5D-D512285D0FF1}.Release|Any CPU.Build.0 = Release|Any CPU
		{9FEA3068-1DE1-89AE-9286-FFBDB4A278EE}.Debug|Any CPU.ActiveCfg = Debug|Any CPU
		{9FEA3068-1DE1-89AE-9286-FFBDB4A278EE}.Debug|Any CPU.Build.0 = Debug|Any CPU
		{9FEA3068-1DE1-89AE-9286-FFBDB4A278EE}.Release|Any CPU.ActiveCfg = Release|Any CPU
		{9FEA3068-1DE1-89AE-9286-FFBDB4A278EE}.Release|Any CPU.Build.0 = Release|Any CPU
		{6F539A5E-BDDB-2D65-5981-5BE5D406392D}.Debug|Any CPU.ActiveCfg = Debug|Any CPU
		{6F539A5E-BDDB-2D65-5981-5BE5D406392D}.Debug|Any CPU.Build.0 = Debug|Any CPU
		{6F539A5E-BDDB-2D65-5981-5BE5D406392D}.Release|Any CPU.ActiveCfg = Release|Any CPU
		{6F539A5E-BDDB-2D65-5981-5BE5D406392D}.Release|Any CPU.Build.0 = Release|Any CPU
		{5FFE9BC0-051E-CB68-6D8D-F39C4A2FC27A}.Debug|Any CPU.ActiveCfg = Debug|Any CPU
		{5FFE9BC0-051E-CB68-6D8D-F39C4A2FC27A}.Debug|Any CPU.Build.0 = Debug|Any CPU
		{5FFE9BC0-051E-CB68-6D8D-F39C4A2FC27A}.Release|Any CPU.ActiveCfg = Release|Any CPU
		{5FFE9BC0-051E-CB68-6D8D-F39C4A2FC27A}.Release|Any CPU.Build.0 = Release|Any CPU
		{F6D4011B-12FD-088A-5A3A-52FAFE16DCEB}.Debug|Any CPU.ActiveCfg = Debug|Any CPU
		{F6D4011B-12FD-088A-5A3A-52FAFE16DCEB}.Debug|Any CPU.Build.0 = Debug|Any CPU
		{F6D4011B-12FD-088A-5A3A-52FAFE16DCEB}.Release|Any CPU.ActiveCfg = Release|Any CPU
		{F6D4011B-12FD-088A-5A3A-52FAFE16DCEB}.Release|Any CPU.Build.0 = Release|Any CPU
		{2F9A4261-EEEA-E86A-1DC5-F1DAEF173DA4}.Debug|Any CPU.ActiveCfg = Debug|Any CPU
		{2F9A4261-EEEA-E86A-1DC5-F1DAEF173DA4}.Debug|Any CPU.Build.0 = Debug|Any CPU
		{2F9A4261-EEEA-E86A-1DC5-F1DAEF173DA4}.Release|Any CPU.ActiveCfg = Release|Any CPU
		{2F9A4261-EEEA-E86A-1DC5-F1DAEF173DA4}.Release|Any CPU.Build.0 = Release|Any CPU
		{9C9326C5-F57C-E8AE-B088-9FBFC3486109}.Debug|Any CPU.ActiveCfg = Debug|Any CPU
		{9C9326C5-F57C-E8AE-B088-9FBFC3486109}.Debug|Any CPU.Build.0 = Debug|Any CPU
		{9C9326C5-F57C-E8AE-B088-9FBFC3486109}.Release|Any CPU.ActiveCfg = Release|Any CPU
		{9C9326C5-F57C-E8AE-B088-9FBFC3486109}.Release|Any CPU.Build.0 = Release|Any CPU
		{D8AA3D98-F828-3E14-4ECA-52D08094BA36}.Debug|Any CPU.ActiveCfg = Debug|Any CPU
		{D8AA3D98-F828-3E14-4ECA-52D08094BA36}.Debug|Any CPU.Build.0 = Debug|Any CPU
		{D8AA3D98-F828-3E14-4ECA-52D08094BA36}.Release|Any CPU.ActiveCfg = Release|Any CPU
		{D8AA3D98-F828-3E14-4ECA-52D08094BA36}.Release|Any CPU.Build.0 = Release|Any CPU
		{8F4CF634-D22C-7E94-E3BF-7909040D1D9C}.Debug|Any CPU.ActiveCfg = Debug|Any CPU
		{8F4CF634-D22C-7E94-E3BF-7909040D1D9C}.Debug|Any CPU.Build.0 = Debug|Any CPU
		{8F4CF634-D22C-7E94-E3BF-7909040D1D9C}.Release|Any CPU.ActiveCfg = Release|Any CPU
		{8F4CF634-D22C-7E94-E3BF-7909040D1D9C}.Release|Any CPU.Build.0 = Release|Any CPU
		{6CB6EA5D-B7B3-9DC9-894C-F92E814D9E68}.Debug|Any CPU.ActiveCfg = Debug|Any CPU
		{6CB6EA5D-B7B3-9DC9-894C-F92E814D9E68}.Debug|Any CPU.Build.0 = Debug|Any CPU
		{6CB6EA5D-B7B3-9DC9-894C-F92E814D9E68}.Release|Any CPU.ActiveCfg = Release|Any CPU
		{6CB6EA5D-B7B3-9DC9-894C-F92E814D9E68}.Release|Any CPU.Build.0 = Release|Any CPU
		{43AF5C0C-88EF-B8F7-CB0E-79B23F302592}.Debug|Any CPU.ActiveCfg = Debug|Any CPU
		{43AF5C0C-88EF-B8F7-CB0E-79B23F302592}.Debug|Any CPU.Build.0 = Debug|Any CPU
		{43AF5C0C-88EF-B8F7-CB0E-79B23F302592}.Release|Any CPU.ActiveCfg = Release|Any CPU
		{43AF5C0C-88EF-B8F7-CB0E-79B23F302592}.Release|Any CPU.Build.0 = Release|Any CPU
		{9354C4BC-3EF9-DF67-0622-0AC3951A1B4A}.Debug|Any CPU.ActiveCfg = Debug|Any CPU
		{9354C4BC-3EF9-DF67-0622-0AC3951A1B4A}.Debug|Any CPU.Build.0 = Debug|Any CPU
		{9354C4BC-3EF9-DF67-0622-0AC3951A1B4A}.Release|Any CPU.ActiveCfg = Release|Any CPU
		{9354C4BC-3EF9-DF67-0622-0AC3951A1B4A}.Release|Any CPU.Build.0 = Release|Any CPU
		{30F2DDBF-B198-4FCE-0E0F-476BD6BCFED4}.Debug|Any CPU.ActiveCfg = Debug|Any CPU
		{30F2DDBF-B198-4FCE-0E0F-476BD6BCFED4}.Debug|Any CPU.Build.0 = Debug|Any CPU
		{30F2DDBF-B198-4FCE-0E0F-476BD6BCFED4}.Release|Any CPU.ActiveCfg = Release|Any CPU
		{30F2DDBF-B198-4FCE-0E0F-476BD6BCFED4}.Release|Any CPU.Build.0 = Release|Any CPU
		{9F1689C4-3A33-3727-129F-AAEACCE1A505}.Debug|Any CPU.ActiveCfg = Debug|Any CPU
		{9F1689C4-3A33-3727-129F-AAEACCE1A505}.Debug|Any CPU.Build.0 = Debug|Any CPU
		{9F1689C4-3A33-3727-129F-AAEACCE1A505}.Release|Any CPU.ActiveCfg = Release|Any CPU
		{9F1689C4-3A33-3727-129F-AAEACCE1A505}.Release|Any CPU.Build.0 = Release|Any CPU
		{C9C00AF7-5342-4EAA-3BE3-CF7F966EFBEA}.Debug|Any CPU.ActiveCfg = Debug|Any CPU
		{C9C00AF7-5342-4EAA-3BE3-CF7F966EFBEA}.Debug|Any CPU.Build.0 = Debug|Any CPU
		{C9C00AF7-5342-4EAA-3BE3-CF7F966EFBEA}.Release|Any CPU.ActiveCfg = Release|Any CPU
		{C9C00AF7-5342-4EAA-3BE3-CF7F966EFBEA}.Release|Any CPU.Build.0 = Release|Any CPU
		{4A0E8C54-71F6-2649-B0AB-B8DDAEB9718C}.Debug|Any CPU.ActiveCfg = Debug|Any CPU
		{4A0E8C54-71F6-2649-B0AB-B8DDAEB9718C}.Debug|Any CPU.Build.0 = Debug|Any CPU
		{4A0E8C54-71F6-2649-B0AB-B8DDAEB9718C}.Release|Any CPU.ActiveCfg = Release|Any CPU
		{4A0E8C54-71F6-2649-B0AB-B8DDAEB9718C}.Release|Any CPU.Build.0 = Release|Any CPU
		{5F635BAB-96C7-5089-D5A9-BE6A0852290A}.Debug|Any CPU.ActiveCfg = Debug|Any CPU
		{5F635BAB-96C7-5089-D5A9-BE6A0852290A}.Debug|Any CPU.Build.0 = Debug|Any CPU
		{5F635BAB-96C7-5089-D5A9-BE6A0852290A}.Release|Any CPU.ActiveCfg = Release|Any CPU
		{5F635BAB-96C7-5089-D5A9-BE6A0852290A}.Release|Any CPU.Build.0 = Release|Any CPU
		{3EE87C23-5623-C91E-0633-69B2E609DB13}.Debug|Any CPU.ActiveCfg = Debug|Any CPU
		{3EE87C23-5623-C91E-0633-69B2E609DB13}.Debug|Any CPU.Build.0 = Debug|Any CPU
		{3EE87C23-5623-C91E-0633-69B2E609DB13}.Release|Any CPU.ActiveCfg = Release|Any CPU
		{3EE87C23-5623-C91E-0633-69B2E609DB13}.Release|Any CPU.Build.0 = Release|Any CPU
		{C9D85129-82B0-C8B7-F5ED-5A651AB0349B}.Debug|Any CPU.ActiveCfg = Debug|Any CPU
		{C9D85129-82B0-C8B7-F5ED-5A651AB0349B}.Debug|Any CPU.Build.0 = Debug|Any CPU
		{C9D85129-82B0-C8B7-F5ED-5A651AB0349B}.Release|Any CPU.ActiveCfg = Release|Any CPU
		{C9D85129-82B0-C8B7-F5ED-5A651AB0349B}.Release|Any CPU.Build.0 = Release|Any CPU
		{5EFCFCFD-42B5-B435-B764-4F0F8D4B80E5}.Debug|Any CPU.ActiveCfg = Debug|Any CPU
		{5EFCFCFD-42B5-B435-B764-4F0F8D4B80E5}.Debug|Any CPU.Build.0 = Debug|Any CPU
		{5EFCFCFD-42B5-B435-B764-4F0F8D4B80E5}.Release|Any CPU.ActiveCfg = Release|Any CPU
		{5EFCFCFD-42B5-B435-B764-4F0F8D4B80E5}.Release|Any CPU.Build.0 = Release|Any CPU
		{E7FFEF06-CB97-B60D-1C9C-D4549517D02C}.Debug|Any CPU.ActiveCfg = Debug|Any CPU
		{E7FFEF06-CB97-B60D-1C9C-D4549517D02C}.Debug|Any CPU.Build.0 = Debug|Any CPU
		{E7FFEF06-CB97-B60D-1C9C-D4549517D02C}.Release|Any CPU.ActiveCfg = Release|Any CPU
		{E7FFEF06-CB97-B60D-1C9C-D4549517D02C}.Release|Any CPU.Build.0 = Release|Any CPU
		{6628C1C6-4CF2-8B1B-5A4B-AE796293119A}.Debug|Any CPU.ActiveCfg = Debug|Any CPU
		{6628C1C6-4CF2-8B1B-5A4B-AE796293119A}.Debug|Any CPU.Build.0 = Debug|Any CPU
		{6628C1C6-4CF2-8B1B-5A4B-AE796293119A}.Release|Any CPU.ActiveCfg = Release|Any CPU
		{6628C1C6-4CF2-8B1B-5A4B-AE796293119A}.Release|Any CPU.Build.0 = Release|Any CPU
		{A36405BD-4542-9023-17D6-06A93D0FE525}.Debug|Any CPU.ActiveCfg = Debug|Any CPU
		{A36405BD-4542-9023-17D6-06A93D0FE525}.Debug|Any CPU.Build.0 = Debug|Any CPU
		{A36405BD-4542-9023-17D6-06A93D0FE525}.Release|Any CPU.ActiveCfg = Release|Any CPU
		{A36405BD-4542-9023-17D6-06A93D0FE525}.Release|Any CPU.Build.0 = Release|Any CPU
		{A91A8294-05E2-511F-CCBB-851E5B3DE333}.Debug|Any CPU.ActiveCfg = Debug|Any CPU
		{A91A8294-05E2-511F-CCBB-851E5B3DE333}.Debug|Any CPU.Build.0 = Debug|Any CPU
		{A91A8294-05E2-511F-CCBB-851E5B3DE333}.Release|Any CPU.ActiveCfg = Release|Any CPU
		{A91A8294-05E2-511F-CCBB-851E5B3DE333}.Release|Any CPU.Build.0 = Release|Any CPU
		{DEEB08A8-58D9-8150-6C02-1550AF2ECF1E}.Debug|Any CPU.ActiveCfg = Debug|Any CPU
		{DEEB08A8-58D9-8150-6C02-1550AF2ECF1E}.Debug|Any CPU.Build.0 = Debug|Any CPU
		{DEEB08A8-58D9-8150-6C02-1550AF2ECF1E}.Release|Any CPU.ActiveCfg = Release|Any CPU
		{DEEB08A8-58D9-8150-6C02-1550AF2ECF1E}.Release|Any CPU.Build.0 = Release|Any CPU
		{D64E2B17-4BE8-E20D-B0AE-56A9EDADEA59}.Debug|Any CPU.ActiveCfg = Debug|Any CPU
		{D64E2B17-4BE8-E20D-B0AE-56A9EDADEA59}.Debug|Any CPU.Build.0 = Debug|Any CPU
		{D64E2B17-4BE8-E20D-B0AE-56A9EDADEA59}.Release|Any CPU.ActiveCfg = Release|Any CPU
		{D64E2B17-4BE8-E20D-B0AE-56A9EDADEA59}.Release|Any CPU.Build.0 = Release|Any CPU
		{D3BF277C-6304-15AF-F800-9C7429F2C2EF}.Debug|Any CPU.ActiveCfg = Debug|Any CPU
		{D3BF277C-6304-15AF-F800-9C7429F2C2EF}.Debug|Any CPU.Build.0 = Debug|Any CPU
		{D3BF277C-6304-15AF-F800-9C7429F2C2EF}.Release|Any CPU.ActiveCfg = Release|Any CPU
		{D3BF277C-6304-15AF-F800-9C7429F2C2EF}.Release|Any CPU.Build.0 = Release|Any CPU
		{973DEE04-5F6D-968E-CBD6-093180FA4672}.Debug|Any CPU.ActiveCfg = Debug|Any CPU
		{973DEE04-5F6D-968E-CBD6-093180FA4672}.Debug|Any CPU.Build.0 = Debug|Any CPU
		{973DEE04-5F6D-968E-CBD6-093180FA4672}.Release|Any CPU.ActiveCfg = Release|Any CPU
		{973DEE04-5F6D-968E-CBD6-093180FA4672}.Release|Any CPU.Build.0 = Release|Any CPU
		{03CE896E-2C9E-419C-93D7-B7E878E22645}.Debug|Any CPU.ActiveCfg = Debug|Any CPU
		{03CE896E-2C9E-419C-93D7-B7E878E22645}.Debug|Any CPU.Build.0 = Debug|Any CPU
		{03CE896E-2C9E-419C-93D7-B7E878E22645}.Release|Any CPU.ActiveCfg = Release|Any CPU
		{03CE896E-2C9E-419C-93D7-B7E878E22645}.Release|Any CPU.Build.0 = Release|Any CPU
		{C1531246-1D70-4D81-0D96-9C4E8F0AF4F0}.Debug|Any CPU.ActiveCfg = Debug|Any CPU
		{C1531246-1D70-4D81-0D96-9C4E8F0AF4F0}.Debug|Any CPU.Build.0 = Debug|Any CPU
		{C1531246-1D70-4D81-0D96-9C4E8F0AF4F0}.Release|Any CPU.ActiveCfg = Release|Any CPU
		{C1531246-1D70-4D81-0D96-9C4E8F0AF4F0}.Release|Any CPU.Build.0 = Release|Any CPU
		{B1D96715-A1A2-AE9F-C35A-0EC5DB86212C}.Debug|Any CPU.ActiveCfg = Debug|Any CPU
		{B1D96715-A1A2-AE9F-C35A-0EC5DB86212C}.Debug|Any CPU.Build.0 = Debug|Any CPU
		{B1D96715-A1A2-AE9F-C35A-0EC5DB86212C}.Release|Any CPU.ActiveCfg = Release|Any CPU
		{B1D96715-A1A2-AE9F-C35A-0EC5DB86212C}.Release|Any CPU.Build.0 = Release|Any CPU
		{882718C0-B17B-0D9A-C28D-51A1DF959D83}.Debug|Any CPU.ActiveCfg = Debug|Any CPU
		{882718C0-B17B-0D9A-C28D-51A1DF959D83}.Debug|Any CPU.Build.0 = Debug|Any CPU
		{882718C0-B17B-0D9A-C28D-51A1DF959D83}.Release|Any CPU.ActiveCfg = Release|Any CPU
		{882718C0-B17B-0D9A-C28D-51A1DF959D83}.Release|Any CPU.Build.0 = Release|Any CPU
		{13A33446-1E62-25E3-8EF6-D519BAACB5D5}.Debug|Any CPU.ActiveCfg = Debug|Any CPU
		{13A33446-1E62-25E3-8EF6-D519BAACB5D5}.Debug|Any CPU.Build.0 = Debug|Any CPU
		{13A33446-1E62-25E3-8EF6-D519BAACB5D5}.Release|Any CPU.ActiveCfg = Release|Any CPU
		{13A33446-1E62-25E3-8EF6-D519BAACB5D5}.Release|Any CPU.Build.0 = Release|Any CPU
		{AF141297-354A-BDA1-F34B-046C7327CA2B}.Debug|Any CPU.ActiveCfg = Debug|Any CPU
		{AF141297-354A-BDA1-F34B-046C7327CA2B}.Debug|Any CPU.Build.0 = Debug|Any CPU
		{AF141297-354A-BDA1-F34B-046C7327CA2B}.Release|Any CPU.ActiveCfg = Release|Any CPU
		{AF141297-354A-BDA1-F34B-046C7327CA2B}.Release|Any CPU.Build.0 = Release|Any CPU
		{59F3C655-BBA2-B24B-D884-8DE3F2B24182}.Debug|Any CPU.ActiveCfg = Debug|Any CPU
		{59F3C655-BBA2-B24B-D884-8DE3F2B24182}.Debug|Any CPU.Build.0 = Debug|Any CPU
		{59F3C655-BBA2-B24B-D884-8DE3F2B24182}.Release|Any CPU.ActiveCfg = Release|Any CPU
		{59F3C655-BBA2-B24B-D884-8DE3F2B24182}.Release|Any CPU.Build.0 = Release|Any CPU
		{776AD1FE-4A4D-DD53-1F67-997582136EE7}.Debug|Any CPU.ActiveCfg = Debug|Any CPU
		{776AD1FE-4A4D-DD53-1F67-997582136EE7}.Debug|Any CPU.Build.0 = Debug|Any CPU
		{776AD1FE-4A4D-DD53-1F67-997582136EE7}.Release|Any CPU.ActiveCfg = Release|Any CPU
		{776AD1FE-4A4D-DD53-1F67-997582136EE7}.Release|Any CPU.Build.0 = Release|Any CPU
		{ACCE50AF-4371-2AF4-F033-5640A01EA4A1}.Debug|Any CPU.ActiveCfg = Debug|Any CPU
		{ACCE50AF-4371-2AF4-F033-5640A01EA4A1}.Debug|Any CPU.Build.0 = Debug|Any CPU
		{ACCE50AF-4371-2AF4-F033-5640A01EA4A1}.Release|Any CPU.ActiveCfg = Release|Any CPU
		{ACCE50AF-4371-2AF4-F033-5640A01EA4A1}.Release|Any CPU.Build.0 = Release|Any CPU
		{9533886A-E1A8-F9B6-926B-FBD41E239C68}.Debug|Any CPU.ActiveCfg = Debug|Any CPU
		{9533886A-E1A8-F9B6-926B-FBD41E239C68}.Debug|Any CPU.Build.0 = Debug|Any CPU
		{9533886A-E1A8-F9B6-926B-FBD41E239C68}.Release|Any CPU.ActiveCfg = Release|Any CPU
		{9533886A-E1A8-F9B6-926B-FBD41E239C68}.Release|Any CPU.Build.0 = Release|Any CPU
		{F0610E6C-3769-C6C4-A416-B11CB7697898}.Debug|Any CPU.ActiveCfg = Debug|Any CPU
		{F0610E6C-3769-C6C4-A416-B11CB7697898}.Debug|Any CPU.Build.0 = Debug|Any CPU
		{F0610E6C-3769-C6C4-A416-B11CB7697898}.Release|Any CPU.ActiveCfg = Release|Any CPU
		{F0610E6C-3769-C6C4-A416-B11CB7697898}.Release|Any CPU.Build.0 = Release|Any CPU
		{43E4D71D-59A5-E726-4ABB-278BB32CA9FD}.Debug|Any CPU.ActiveCfg = Debug|Any CPU
		{43E4D71D-59A5-E726-4ABB-278BB32CA9FD}.Debug|Any CPU.Build.0 = Debug|Any CPU
		{43E4D71D-59A5-E726-4ABB-278BB32CA9FD}.Release|Any CPU.ActiveCfg = Release|Any CPU
		{43E4D71D-59A5-E726-4ABB-278BB32CA9FD}.Release|Any CPU.Build.0 = Release|Any CPU
		{F8C92CE6-302C-E07E-BD53-37DF24E0BCBD}.Debug|Any CPU.ActiveCfg = Debug|Any CPU
		{F8C92CE6-302C-E07E-BD53-37DF24E0BCBD}.Debug|Any CPU.Build.0 = Debug|Any CPU
		{F8C92CE6-302C-E07E-BD53-37DF24E0BCBD}.Release|Any CPU.ActiveCfg = Release|Any CPU
		{F8C92CE6-302C-E07E-BD53-37DF24E0BCBD}.Release|Any CPU.Build.0 = Release|Any CPU
		{FDFACA01-D2A4-CFF1-E930-FA28A35EE1E7}.Debug|Any CPU.ActiveCfg = Debug|Any CPU
		{FDFACA01-D2A4-CFF1-E930-FA28A35EE1E7}.Debug|Any CPU.Build.0 = Debug|Any CPU
		{FDFACA01-D2A4-CFF1-E930-FA28A35EE1E7}.Release|Any CPU.ActiveCfg = Release|Any CPU
		{FDFACA01-D2A4-CFF1-E930-FA28A35EE1E7}.Release|Any CPU.Build.0 = Release|Any CPU
		{38A818A4-C3C9-B1C7-4DCA-9B4B0E0A12A8}.Debug|Any CPU.ActiveCfg = Debug|Any CPU
		{38A818A4-C3C9-B1C7-4DCA-9B4B0E0A12A8}.Debug|Any CPU.Build.0 = Debug|Any CPU
		{38A818A4-C3C9-B1C7-4DCA-9B4B0E0A12A8}.Release|Any CPU.ActiveCfg = Release|Any CPU
		{38A818A4-C3C9-B1C7-4DCA-9B4B0E0A12A8}.Release|Any CPU.Build.0 = Release|Any CPU
		{A07A4267-3351-AF84-395A-D948C8124861}.Debug|Any CPU.ActiveCfg = Debug|Any CPU
		{A07A4267-3351-AF84-395A-D948C8124861}.Debug|Any CPU.Build.0 = Debug|Any CPU
		{A07A4267-3351-AF84-395A-D948C8124861}.Release|Any CPU.ActiveCfg = Release|Any CPU
		{A07A4267-3351-AF84-395A-D948C8124861}.Release|Any CPU.Build.0 = Release|Any CPU
		{824548D0-C3B5-7717-1AB4-7EBF67B8F3FE}.Debug|Any CPU.ActiveCfg = Debug|Any CPU
		{824548D0-C3B5-7717-1AB4-7EBF67B8F3FE}.Debug|Any CPU.Build.0 = Debug|Any CPU
		{824548D0-C3B5-7717-1AB4-7EBF67B8F3FE}.Release|Any CPU.ActiveCfg = Release|Any CPU
		{824548D0-C3B5-7717-1AB4-7EBF67B8F3FE}.Release|Any CPU.Build.0 = Release|Any CPU
		{01F77952-641B-BD1D-EC35-F0B09A7B91AB}.Debug|Any CPU.ActiveCfg = Debug|Any CPU
		{01F77952-641B-BD1D-EC35-F0B09A7B91AB}.Debug|Any CPU.Build.0 = Debug|Any CPU
		{01F77952-641B-BD1D-EC35-F0B09A7B91AB}.Release|Any CPU.ActiveCfg = Release|Any CPU
		{01F77952-641B-BD1D-EC35-F0B09A7B91AB}.Release|Any CPU.Build.0 = Release|Any CPU
		{D69A14AE-2DB0-EC98-C77C-DD5502CB9FC1}.Debug|Any CPU.ActiveCfg = Debug|Any CPU
		{D69A14AE-2DB0-EC98-C77C-DD5502CB9FC1}.Debug|Any CPU.Build.0 = Debug|Any CPU
		{D69A14AE-2DB0-EC98-C77C-DD5502CB9FC1}.Release|Any CPU.ActiveCfg = Release|Any CPU
		{D69A14AE-2DB0-EC98-C77C-DD5502CB9FC1}.Release|Any CPU.Build.0 = Release|Any CPU
		{D39192FF-B55B-A490-7A3B-4BAE5B918FA4}.Debug|Any CPU.ActiveCfg = Debug|Any CPU
		{D39192FF-B55B-A490-7A3B-4BAE5B918FA4}.Debug|Any CPU.Build.0 = Debug|Any CPU
		{D39192FF-B55B-A490-7A3B-4BAE5B918FA4}.Release|Any CPU.ActiveCfg = Release|Any CPU
		{D39192FF-B55B-A490-7A3B-4BAE5B918FA4}.Release|Any CPU.Build.0 = Release|Any CPU
		{99B135F6-2E01-B078-7927-BAEF60146E30}.Debug|Any CPU.ActiveCfg = Debug|Any CPU
		{99B135F6-2E01-B078-7927-BAEF60146E30}.Debug|Any CPU.Build.0 = Debug|Any CPU
		{99B135F6-2E01-B078-7927-BAEF60146E30}.Release|Any CPU.ActiveCfg = Release|Any CPU
		{99B135F6-2E01-B078-7927-BAEF60146E30}.Release|Any CPU.Build.0 = Release|Any CPU
		{B5D10919-E46C-5CF6-D554-1A01FCCE79B0}.Debug|Any CPU.ActiveCfg = Debug|Any CPU
		{B5D10919-E46C-5CF6-D554-1A01FCCE79B0}.Debug|Any CPU.Build.0 = Debug|Any CPU
		{B5D10919-E46C-5CF6-D554-1A01FCCE79B0}.Release|Any CPU.ActiveCfg = Release|Any CPU
		{B5D10919-E46C-5CF6-D554-1A01FCCE79B0}.Release|Any CPU.Build.0 = Release|Any CPU
		{ECC4067C-D4BE-E082-3840-770771472009}.Debug|Any CPU.ActiveCfg = Debug|Any CPU
		{ECC4067C-D4BE-E082-3840-770771472009}.Debug|Any CPU.Build.0 = Debug|Any CPU
		{ECC4067C-D4BE-E082-3840-770771472009}.Release|Any CPU.ActiveCfg = Release|Any CPU
		{ECC4067C-D4BE-E082-3840-770771472009}.Release|Any CPU.Build.0 = Release|Any CPU
	EndGlobalSection
	GlobalSection(SolutionProperties) = preSolution
		HideSolutionNode = FALSE
	EndGlobalSection
EndGlobal
